
Microsoft Visual Studio Solution File, Format Version 12.00
# Visual Studio Version 17
VisualStudioVersion = 17.6.33815.320
MinimumVisualStudioVersion = 10.0.40219.1
Project("{FAE04EC0-301F-11D3-BF4B-00C04F79EFBC}") = "VesselMayCry", "VesselMayCry.csproj", "{3682696B-652B-47D0-964D-BEBCA647AEAE}"
EndProject
Global
	GlobalSection(SolutionConfigurationPlatforms) = preSolution
		Debug|Any CPU = Debug|Any CPU
		Release|Any CPU = Release|Any CPU
	EndGlobalSection
	GlobalSection(ProjectConfigurationPlatforms) = postSolution
		{3682696B-652B-47D0-964D-BEBCA647AEAE}.Debug|Any CPU.ActiveCfg = Debug|Any CPU
		{3682696B-652B-47D0-964D-BEBCA647AEAE}.Debug|Any CPU.Build.0 = Debug|Any CPU
		{3682696B-652B-47D0-964D-BEBCA647AEAE}.Release|Any CPU.ActiveCfg = Release|Any CPU
		{3682696B-652B-47D0-964D-BEBCA647AEAE}.Release|Any CPU.Build.0 = Release|Any CPU
	EndGlobalSection
	GlobalSection(SolutionProperties) = preSolution
		HideSolutionNode = FALSE
	EndGlobalSection
	GlobalSection(ExtensibilityGlobals) = postSolution
		SolutionGuid = {075257A3-6E79-439B-8C83-3F6D41CE03BA}
	EndGlobalSection
EndGlobal
